// !$*UTF8*$!
{
	archiveVersion = 1;
	classes = {
	};
	objectVersion = 56;
	objects = {

/* Begin PBXBuildFile section */
		C0B5AFFC062E27CBE642AF64 /* Pods_StealthRocketNetworkExtentsion.framework in Frameworks */ = {isa = PBXBuildFile; fileRef = DED2FC2D36E929D83930C4AC /* Pods_StealthRocketNetworkExtentsion.framework */; };
		CABEDD1A300C76E3C49D6E73 /* Pods_StealthRocketVPN.framework in Frameworks */ = {isa = PBXBuildFile; fileRef = 23D7C8F9648DB3F2B327522B /* Pods_StealthRocketVPN.framework */; };
		E53E0B8C2B353250001E2529 /* ConnectStatusController.swift in Sources */ = {isa = PBXBuildFile; fileRef = E53E0B8B2B353250001E2529 /* ConnectStatusController.swift */; };
		E53E0B8F2B35747D001E2529 /* FirebaseAnalytics in Frameworks */ = {isa = PBXBuildFile; productRef = E53E0B8E2B35747D001E2529 /* FirebaseAnalytics */; };
		E53E0B912B35747D001E2529 /* FirebaseAnalyticsOnDeviceConversion in Frameworks */ = {isa = PBXBuildFile; productRef = E53E0B902B35747D001E2529 /* FirebaseAnalyticsOnDeviceConversion */; };
		E53E0B932B35747D001E2529 /* FirebaseAnalyticsSwift in Frameworks */ = {isa = PBXBuildFile; productRef = E53E0B922B35747D001E2529 /* FirebaseAnalyticsSwift */; };
		E53E0B952B35747D001E2529 /* FirebaseAnalyticsWithoutAdIdSupport in Frameworks */ = {isa = PBXBuildFile; productRef = E53E0B942B35747D001E2529 /* FirebaseAnalyticsWithoutAdIdSupport */; };
		E53E0B972B35747D001E2529 /* FirebaseAppCheck in Frameworks */ = {isa = PBXBuildFile; productRef = E53E0B962B35747D001E2529 /* FirebaseAppCheck */; };
		E53E0B992B35747D001E2529 /* FirebaseAppDistribution-Beta in Frameworks */ = {isa = PBXBuildFile; productRef = E53E0B982B35747D001E2529 /* FirebaseAppDistribution-Beta */; };
		E53E0B9B2B35747D001E2529 /* FirebaseAuth in Frameworks */ = {isa = PBXBuildFile; productRef = E53E0B9A2B35747D001E2529 /* FirebaseAuth */; };
		E53E0B9D2B35747D001E2529 /* FirebaseAuthCombine-Community in Frameworks */ = {isa = PBXBuildFile; productRef = E53E0B9C2B35747D001E2529 /* FirebaseAuthCombine-Community */; };
		E53E0B9F2B35747D001E2529 /* FirebaseCrashlytics in Frameworks */ = {isa = PBXBuildFile; productRef = E53E0B9E2B35747D001E2529 /* FirebaseCrashlytics */; };
		E53E0BA12B35747D001E2529 /* FirebaseDatabase in Frameworks */ = {isa = PBXBuildFile; productRef = E53E0BA02B35747D001E2529 /* FirebaseDatabase */; };
		E53E0BA32B35747D001E2529 /* FirebaseDatabaseSwift in Frameworks */ = {isa = PBXBuildFile; productRef = E53E0BA22B35747D001E2529 /* FirebaseDatabaseSwift */; };
		E53E0BA52B35747D001E2529 /* FirebaseDynamicLinks in Frameworks */ = {isa = PBXBuildFile; productRef = E53E0BA42B35747D001E2529 /* FirebaseDynamicLinks */; };
		E53E0BA72B35747D001E2529 /* FirebaseFirestore in Frameworks */ = {isa = PBXBuildFile; productRef = E53E0BA62B35747D001E2529 /* FirebaseFirestore */; };
		E53E0BA92B35747D001E2529 /* FirebaseFirestoreCombine-Community in Frameworks */ = {isa = PBXBuildFile; productRef = E53E0BA82B35747D001E2529 /* FirebaseFirestoreCombine-Community */; };
		E53E0BAB2B35747D001E2529 /* FirebaseFirestoreSwift in Frameworks */ = {isa = PBXBuildFile; productRef = E53E0BAA2B35747D001E2529 /* FirebaseFirestoreSwift */; };
		E53E0BAD2B35747D001E2529 /* FirebaseFunctions in Frameworks */ = {isa = PBXBuildFile; productRef = E53E0BAC2B35747D001E2529 /* FirebaseFunctions */; };
		E53E0BAF2B35747D001E2529 /* FirebaseFunctionsCombine-Community in Frameworks */ = {isa = PBXBuildFile; productRef = E53E0BAE2B35747D001E2529 /* FirebaseFunctionsCombine-Community */; };
		E53E0BB12B35747D001E2529 /* FirebaseInAppMessaging-Beta in Frameworks */ = {isa = PBXBuildFile; productRef = E53E0BB02B35747D001E2529 /* FirebaseInAppMessaging-Beta */; };
		E53E0BB32B35747D001E2529 /* FirebaseInAppMessagingSwift-Beta in Frameworks */ = {isa = PBXBuildFile; productRef = E53E0BB22B35747D001E2529 /* FirebaseInAppMessagingSwift-Beta */; };
		E53E0BB52B35747D001E2529 /* FirebaseInstallations in Frameworks */ = {isa = PBXBuildFile; productRef = E53E0BB42B35747D001E2529 /* FirebaseInstallations */; };
		E53E0BB72B35747D001E2529 /* FirebaseMLModelDownloader in Frameworks */ = {isa = PBXBuildFile; productRef = E53E0BB62B35747D001E2529 /* FirebaseMLModelDownloader */; };
		E53E0BB92B35747D001E2529 /* FirebaseMessaging in Frameworks */ = {isa = PBXBuildFile; productRef = E53E0BB82B35747D001E2529 /* FirebaseMessaging */; };
		E53E0BBB2B35747D001E2529 /* FirebasePerformance in Frameworks */ = {isa = PBXBuildFile; productRef = E53E0BBA2B35747D001E2529 /* FirebasePerformance */; };
		E53E0BBD2B35747D001E2529 /* FirebaseRemoteConfig in Frameworks */ = {isa = PBXBuildFile; productRef = E53E0BBC2B35747D001E2529 /* FirebaseRemoteConfig */; };
		E53E0BBF2B35747D001E2529 /* FirebaseRemoteConfigSwift in Frameworks */ = {isa = PBXBuildFile; productRef = E53E0BBE2B35747D001E2529 /* FirebaseRemoteConfigSwift */; };
		E53E0BC12B35747D001E2529 /* FirebaseStorage in Frameworks */ = {isa = PBXBuildFile; productRef = E53E0BC02B35747D001E2529 /* FirebaseStorage */; };
		E53E0BC32B35747D001E2529 /* FirebaseStorageCombine-Community in Frameworks */ = {isa = PBXBuildFile; productRef = E53E0BC22B35747D001E2529 /* FirebaseStorageCombine-Community */; };
		E53E0BC62B3575AF001E2529 /* FirebaseConfig.swift in Sources */ = {isa = PBXBuildFile; fileRef = E53E0BC52B3575AF001E2529 /* FirebaseConfig.swift */; };
		E53E0BC92B358F35001E2529 /* GlobalParameters.swift in Sources */ = {isa = PBXBuildFile; fileRef = E53E0BC82B358F35001E2529 /* GlobalParameters.swift */; };
		E53E0BCB2B392048001E2529 /* ServerModel.swift in Sources */ = {isa = PBXBuildFile; fileRef = E53E0BCA2B392048001E2529 /* ServerModel.swift */; };
		E53E0BCD2B396145001E2529 /* GoogleService-Info.plist in Resources */ = {isa = PBXBuildFile; fileRef = E53E0BCC2B396145001E2529 /* GoogleService-Info.plist */; };
		E553DA0D2B3AA3F00091F4CE /* NetworkExtension.framework in Frameworks */ = {isa = PBXBuildFile; fileRef = E553DA0C2B3AA3F00091F4CE /* NetworkExtension.framework */; };
		E553DA102B3AA3F00091F4CE /* PacketTunnelProvider.swift in Sources */ = {isa = PBXBuildFile; fileRef = E553DA0F2B3AA3F00091F4CE /* PacketTunnelProvider.swift */; };
		E553DA152B3AA3F00091F4CE /* StealthRocketNetworkExtentsion.appex in Embed Foundation Extensions */ = {isa = PBXBuildFile; fileRef = E553DA0B2B3AA3F00091F4CE /* StealthRocketNetworkExtentsion.appex */; settings = {ATTRIBUTES = (RemoveHeadersOnCopy, ); }; };
		E553DA222B3AA6500091F4CE /* Sentry.framework in Frameworks */ = {isa = PBXBuildFile; fileRef = E553DA212B3AA6500091F4CE /* Sentry.framework */; };
		E553DA232B3AA6500091F4CE /* Sentry.framework in Frameworks */ = {isa = PBXBuildFile; fileRef = E553DA212B3AA6500091F4CE /* Sentry.framework */; };
		E553DA252B3AA65B0091F4CE /* Tun2socks.framework in Frameworks */ = {isa = PBXBuildFile; fileRef = E553DA242B3AA65B0091F4CE /* Tun2socks.framework */; };
		E553DA262B3AA65B0091F4CE /* Tun2socks.framework in Frameworks */ = {isa = PBXBuildFile; fileRef = E553DA242B3AA65B0091F4CE /* Tun2socks.framework */; };
		E553DA282B3AA6710091F4CE /* CocoaAsyncSocket.framework in Frameworks */ = {isa = PBXBuildFile; fileRef = E553DA272B3AA6710091F4CE /* CocoaAsyncSocket.framework */; };
		E553DA292B3AA6710091F4CE /* CocoaAsyncSocket.framework in Frameworks */ = {isa = PBXBuildFile; fileRef = E553DA272B3AA6710091F4CE /* CocoaAsyncSocket.framework */; };
		E553DA2B2B3AA6810091F4CE /* Shadowsocks_iOS.framework in Frameworks */ = {isa = PBXBuildFile; fileRef = E553DA2A2B3AA6810091F4CE /* Shadowsocks_iOS.framework */; };
		E553DA2C2B3AA6810091F4CE /* Shadowsocks_iOS.framework in Frameworks */ = {isa = PBXBuildFile; fileRef = E553DA2A2B3AA6810091F4CE /* Shadowsocks_iOS.framework */; };
		E553DA322B3AAAF40091F4CE /* Shadowsocks.m in Sources */ = {isa = PBXBuildFile; fileRef = E553DA312B3AAAF40091F4CE /* Shadowsocks.m */; };
		E553DA382B3AB08A0091F4CE /* ConnectModel.m in Sources */ = {isa = PBXBuildFile; fileRef = E553DA372B3AB08A0091F4CE /* ConnectModel.m */; };
		E5C0E34E2B331DBC0060CF4F /* AppDelegate.swift in Sources */ = {isa = PBXBuildFile; fileRef = E5C0E34D2B331DBC0060CF4F /* AppDelegate.swift */; };
		E5C0E3572B331DBD0060CF4F /* Assets.xcassets in Resources */ = {isa = PBXBuildFile; fileRef = E5C0E3562B331DBD0060CF4F /* Assets.xcassets */; };
		E5C0E35A2B331DBD0060CF4F /* LaunchScreen.storyboard in Resources */ = {isa = PBXBuildFile; fileRef = E5C0E3582B331DBD0060CF4F /* LaunchScreen.storyboard */; };
		E5D51FD42B33DDAE004FBB84 /* OpenLodingController.swift in Sources */ = {isa = PBXBuildFile; fileRef = E5D51FD32B33DDAE004FBB84 /* OpenLodingController.swift */; };
		E5D51FD72B33E567004FBB84 /* ColorHex.swift in Sources */ = {isa = PBXBuildFile; fileRef = E5D51FD62B33E567004FBB84 /* ColorHex.swift */; };
		E5D51FDA2B34094D004FBB84 /* HomeController.swift in Sources */ = {isa = PBXBuildFile; fileRef = E5D51FD92B34094D004FBB84 /* HomeController.swift */; };
		E5D51FDC2B340A09004FBB84 /* ConstantFile.swift in Sources */ = {isa = PBXBuildFile; fileRef = E5D51FDB2B340A09004FBB84 /* ConstantFile.swift */; };
		E5D51FDF2B34101F004FBB84 /* OpenAdMob.swift in Sources */ = {isa = PBXBuildFile; fileRef = E5D51FDE2B34101F004FBB84 /* OpenAdMob.swift */; };
		E5D51FE22B34110F004FBB84 /* GoogleMobileAds in Frameworks */ = {isa = PBXBuildFile; productRef = E5D51FE12B34110F004FBB84 /* GoogleMobileAds */; };
		E5D51FE42B3421E6004FBB84 /* HomeConnectView.swift in Sources */ = {isa = PBXBuildFile; fileRef = E5D51FE32B3421E6004FBB84 /* HomeConnectView.swift */; };
		E5D51FE62B3441D0004FBB84 /* HomeFlowView.swift in Sources */ = {isa = PBXBuildFile; fileRef = E5D51FE52B3441D0004FBB84 /* HomeFlowView.swift */; };
		E5D51FE92B345C74004FBB84 /* ServerController.swift in Sources */ = {isa = PBXBuildFile; fileRef = E5D51FE82B345C74004FBB84 /* ServerController.swift */; };
		E5D51FEB2B345FB0004FBB84 /* ServerCell.swift in Sources */ = {isa = PBXBuildFile; fileRef = E5D51FEA2B345FB0004FBB84 /* ServerCell.swift */; };
		E5D51FED2B3467F0004FBB84 /* HomeSettingView.swift in Sources */ = {isa = PBXBuildFile; fileRef = E5D51FEC2B3467F0004FBB84 /* HomeSettingView.swift */; };
/* End PBXBuildFile section */

/* Begin PBXContainerItemProxy section */
		E553DA132B3AA3F00091F4CE /* PBXContainerItemProxy */ = {
			isa = PBXContainerItemProxy;
			containerPortal = E5C0E3422B331DBC0060CF4F /* Project object */;
			proxyType = 1;
			remoteGlobalIDString = E553DA0A2B3AA3F00091F4CE;
			remoteInfo = StealthRocketNetworkExtentsion;
		};
/* End PBXContainerItemProxy section */

/* Begin PBXCopyFilesBuildPhase section */
		E553DA192B3AA3F00091F4CE /* Embed Foundation Extensions */ = {
			isa = PBXCopyFilesBuildPhase;
			buildActionMask = 2147483647;
			dstPath = "";
			dstSubfolderSpec = 13;
			files = (
				E553DA152B3AA3F00091F4CE /* StealthRocketNetworkExtentsion.appex in Embed Foundation Extensions */,
			);
			name = "Embed Foundation Extensions";
			runOnlyForDeploymentPostprocessing = 0;
		};
/* End PBXCopyFilesBuildPhase section */

/* Begin PBXFileReference section */
		23D7C8F9648DB3F2B327522B /* Pods_StealthRocketVPN.framework */ = {isa = PBXFileReference; explicitFileType = wrapper.framework; includeInIndex = 0; path = Pods_StealthRocketVPN.framework; sourceTree = BUILT_PRODUCTS_DIR; };
		3C65F7CBDDBE436683525B30 /* Pods-StealthRocketNetworkExtentsion.release.xcconfig */ = {isa = PBXFileReference; includeInIndex = 1; lastKnownFileType = text.xcconfig; name = "Pods-StealthRocketNetworkExtentsion.release.xcconfig"; path = "Target Support Files/Pods-StealthRocketNetworkExtentsion/Pods-StealthRocketNetworkExtentsion.release.xcconfig"; sourceTree = "<group>"; };
		456432464CA216038A09C0AA /* Pods-StealthRocketVPN.debug.xcconfig */ = {isa = PBXFileReference; includeInIndex = 1; lastKnownFileType = text.xcconfig; name = "Pods-StealthRocketVPN.debug.xcconfig"; path = "Target Support Files/Pods-StealthRocketVPN/Pods-StealthRocketVPN.debug.xcconfig"; sourceTree = "<group>"; };
		A4E5C9164D6DC120D9D2C967 /* Pods-StealthRocketVPN.release.xcconfig */ = {isa = PBXFileReference; includeInIndex = 1; lastKnownFileType = text.xcconfig; name = "Pods-StealthRocketVPN.release.xcconfig"; path = "Target Support Files/Pods-StealthRocketVPN/Pods-StealthRocketVPN.release.xcconfig"; sourceTree = "<group>"; };
		ACEDCC2B2660B00BBB924C07 /* Pods-StealthRocketNetworkExtentsion.debug.xcconfig */ = {isa = PBXFileReference; includeInIndex = 1; lastKnownFileType = text.xcconfig; name = "Pods-StealthRocketNetworkExtentsion.debug.xcconfig"; path = "Target Support Files/Pods-StealthRocketNetworkExtentsion/Pods-StealthRocketNetworkExtentsion.debug.xcconfig"; sourceTree = "<group>"; };
		DED2FC2D36E929D83930C4AC /* Pods_StealthRocketNetworkExtentsion.framework */ = {isa = PBXFileReference; explicitFileType = wrapper.framework; includeInIndex = 0; path = Pods_StealthRocketNetworkExtentsion.framework; sourceTree = BUILT_PRODUCTS_DIR; };
		E53E0B8B2B353250001E2529 /* ConnectStatusController.swift */ = {isa = PBXFileReference; lastKnownFileType = sourcecode.swift; path = ConnectStatusController.swift; sourceTree = "<group>"; };
		E53E0BC52B3575AF001E2529 /* FirebaseConfig.swift */ = {isa = PBXFileReference; lastKnownFileType = sourcecode.swift; path = FirebaseConfig.swift; sourceTree = "<group>"; };
		E53E0BC82B358F35001E2529 /* GlobalParameters.swift */ = {isa = PBXFileReference; lastKnownFileType = sourcecode.swift; path = GlobalParameters.swift; sourceTree = "<group>"; };
		E53E0BCA2B392048001E2529 /* ServerModel.swift */ = {isa = PBXFileReference; lastKnownFileType = sourcecode.swift; path = ServerModel.swift; sourceTree = "<group>"; };
		E53E0BCC2B396145001E2529 /* GoogleService-Info.plist */ = {isa = PBXFileReference; fileEncoding = 4; lastKnownFileType = text.plist.xml; path = "GoogleService-Info.plist"; sourceTree = "<group>"; };
		E553DA0B2B3AA3F00091F4CE /* StealthRocketNetworkExtentsion.appex */ = {isa = PBXFileReference; explicitFileType = "wrapper.app-extension"; includeInIndex = 0; path = StealthRocketNetworkExtentsion.appex; sourceTree = BUILT_PRODUCTS_DIR; };
		E553DA0C2B3AA3F00091F4CE /* NetworkExtension.framework */ = {isa = PBXFileReference; lastKnownFileType = wrapper.framework; name = NetworkExtension.framework; path = System/Library/Frameworks/NetworkExtension.framework; sourceTree = SDKROOT; };
		E553DA0F2B3AA3F00091F4CE /* PacketTunnelProvider.swift */ = {isa = PBXFileReference; lastKnownFileType = sourcecode.swift; path = PacketTunnelProvider.swift; sourceTree = "<group>"; };
		E553DA112B3AA3F00091F4CE /* Info.plist */ = {isa = PBXFileReference; lastKnownFileType = text.plist.xml; path = Info.plist; sourceTree = "<group>"; };
		E553DA122B3AA3F00091F4CE /* StealthRocketNetworkExtentsion.entitlements */ = {isa = PBXFileReference; lastKnownFileType = text.plist.entitlements; path = StealthRocketNetworkExtentsion.entitlements; sourceTree = "<group>"; };
		E553DA1A2B3AA5940091F4CE /* StealthRocketVPN.entitlements */ = {isa = PBXFileReference; lastKnownFileType = text.plist.entitlements; path = StealthRocketVPN.entitlements; sourceTree = "<group>"; };
		E553DA212B3AA6500091F4CE /* Sentry.framework */ = {isa = PBXFileReference; lastKnownFileType = wrapper.framework; path = Sentry.framework; sourceTree = "<group>"; };
		E553DA242B3AA65B0091F4CE /* Tun2socks.framework */ = {isa = PBXFileReference; lastKnownFileType = wrapper.framework; path = Tun2socks.framework; sourceTree = "<group>"; };
		E553DA272B3AA6710091F4CE /* CocoaAsyncSocket.framework */ = {isa = PBXFileReference; lastKnownFileType = wrapper.framework; path = CocoaAsyncSocket.framework; sourceTree = "<group>"; };
		E553DA2A2B3AA6810091F4CE /* Shadowsocks_iOS.framework */ = {isa = PBXFileReference; lastKnownFileType = wrapper.framework; path = Shadowsocks_iOS.framework; sourceTree = "<group>"; };
		E553DA2F2B3AAAF40091F4CE /* StealthRocketNetworkExtentsion-Bridging-Header.h */ = {isa = PBXFileReference; lastKnownFileType = sourcecode.c.h; path = "StealthRocketNetworkExtentsion-Bridging-Header.h"; sourceTree = "<group>"; };
		E553DA302B3AAAF40091F4CE /* Shadowsocks.h */ = {isa = PBXFileReference; lastKnownFileType = sourcecode.c.h; path = Shadowsocks.h; sourceTree = "<group>"; };
		E553DA312B3AAAF40091F4CE /* Shadowsocks.m */ = {isa = PBXFileReference; lastKnownFileType = sourcecode.c.objc; path = Shadowsocks.m; sourceTree = "<group>"; };
		E553DA362B3AB08A0091F4CE /* ConnectModel.h */ = {isa = PBXFileReference; lastKnownFileType = sourcecode.c.h; path = ConnectModel.h; sourceTree = "<group>"; };
		E553DA372B3AB08A0091F4CE /* ConnectModel.m */ = {isa = PBXFileReference; lastKnownFileType = sourcecode.c.objc; path = ConnectModel.m; sourceTree = "<group>"; };
		E5C0E34A2B331DBC0060CF4F /* StealthRocketVPN.app */ = {isa = PBXFileReference; explicitFileType = wrapper.application; includeInIndex = 0; path = StealthRocketVPN.app; sourceTree = BUILT_PRODUCTS_DIR; };
		E5C0E34D2B331DBC0060CF4F /* AppDelegate.swift */ = {isa = PBXFileReference; lastKnownFileType = sourcecode.swift; path = AppDelegate.swift; sourceTree = "<group>"; };
		E5C0E3562B331DBD0060CF4F /* Assets.xcassets */ = {isa = PBXFileReference; lastKnownFileType = folder.assetcatalog; path = Assets.xcassets; sourceTree = "<group>"; };
		E5C0E3592B331DBD0060CF4F /* Base */ = {isa = PBXFileReference; lastKnownFileType = file.storyboard; name = Base; path = Base.lproj/LaunchScreen.storyboard; sourceTree = "<group>"; };
		E5C0E35B2B331DBD0060CF4F /* Info.plist */ = {isa = PBXFileReference; lastKnownFileType = text.plist.xml; path = Info.plist; sourceTree = "<group>"; };
		E5D51FD32B33DDAE004FBB84 /* OpenLodingController.swift */ = {isa = PBXFileReference; lastKnownFileType = sourcecode.swift; path = OpenLodingController.swift; sourceTree = "<group>"; };
		E5D51FD62B33E567004FBB84 /* ColorHex.swift */ = {isa = PBXFileReference; lastKnownFileType = sourcecode.swift; path = ColorHex.swift; sourceTree = "<group>"; };
		E5D51FD92B34094D004FBB84 /* HomeController.swift */ = {isa = PBXFileReference; lastKnownFileType = sourcecode.swift; path = HomeController.swift; sourceTree = "<group>"; };
		E5D51FDB2B340A09004FBB84 /* ConstantFile.swift */ = {isa = PBXFileReference; lastKnownFileType = sourcecode.swift; path = ConstantFile.swift; sourceTree = "<group>"; };
		E5D51FDE2B34101F004FBB84 /* OpenAdMob.swift */ = {isa = PBXFileReference; lastKnownFileType = sourcecode.swift; path = OpenAdMob.swift; sourceTree = "<group>"; };
		E5D51FE32B3421E6004FBB84 /* HomeConnectView.swift */ = {isa = PBXFileReference; lastKnownFileType = sourcecode.swift; path = HomeConnectView.swift; sourceTree = "<group>"; };
		E5D51FE52B3441D0004FBB84 /* HomeFlowView.swift */ = {isa = PBXFileReference; lastKnownFileType = sourcecode.swift; path = HomeFlowView.swift; sourceTree = "<group>"; };
		E5D51FE82B345C74004FBB84 /* ServerController.swift */ = {isa = PBXFileReference; lastKnownFileType = sourcecode.swift; path = ServerController.swift; sourceTree = "<group>"; };
		E5D51FEA2B345FB0004FBB84 /* ServerCell.swift */ = {isa = PBXFileReference; lastKnownFileType = sourcecode.swift; path = ServerCell.swift; sourceTree = "<group>"; };
		E5D51FEC2B3467F0004FBB84 /* HomeSettingView.swift */ = {isa = PBXFileReference; lastKnownFileType = sourcecode.swift; path = HomeSettingView.swift; sourceTree = "<group>"; };
/* End PBXFileReference section */

/* Begin PBXFrameworksBuildPhase section */
		E553DA082B3AA3F00091F4CE /* Frameworks */ = {
			isa = PBXFrameworksBuildPhase;
			buildActionMask = 2147483647;
			files = (
				E553DA292B3AA6710091F4CE /* CocoaAsyncSocket.framework in Frameworks */,
				E553DA2C2B3AA6810091F4CE /* Shadowsocks_iOS.framework in Frameworks */,
				E553DA232B3AA6500091F4CE /* Sentry.framework in Frameworks */,
				E553DA262B3AA65B0091F4CE /* Tun2socks.framework in Frameworks */,
				E553DA0D2B3AA3F00091F4CE /* NetworkExtension.framework in Frameworks */,
				C0B5AFFC062E27CBE642AF64 /* Pods_StealthRocketNetworkExtentsion.framework in Frameworks */,
			);
			runOnlyForDeploymentPostprocessing = 0;
		};
		E5C0E3472B331DBC0060CF4F /* Frameworks */ = {
			isa = PBXFrameworksBuildPhase;
			buildActionMask = 2147483647;
			files = (
				E53E0BB92B35747D001E2529 /* FirebaseMessaging in Frameworks */,
				E5D51FE22B34110F004FBB84 /* GoogleMobileAds in Frameworks */,
				E53E0BAB2B35747D001E2529 /* FirebaseFirestoreSwift in Frameworks */,
				E53E0B952B35747D001E2529 /* FirebaseAnalyticsWithoutAdIdSupport in Frameworks */,
				E53E0BAD2B35747D001E2529 /* FirebaseFunctions in Frameworks */,
				CABEDD1A300C76E3C49D6E73 /* Pods_StealthRocketVPN.framework in Frameworks */,
				E53E0B8F2B35747D001E2529 /* FirebaseAnalytics in Frameworks */,
				E553DA2B2B3AA6810091F4CE /* Shadowsocks_iOS.framework in Frameworks */,
				E53E0B9B2B35747D001E2529 /* FirebaseAuth in Frameworks */,
				E53E0BA52B35747D001E2529 /* FirebaseDynamicLinks in Frameworks */,
				E53E0B9F2B35747D001E2529 /* FirebaseCrashlytics in Frameworks */,
				E553DA252B3AA65B0091F4CE /* Tun2socks.framework in Frameworks */,
				E53E0BB72B35747D001E2529 /* FirebaseMLModelDownloader in Frameworks */,
				E553DA282B3AA6710091F4CE /* CocoaAsyncSocket.framework in Frameworks */,
				E53E0BA32B35747D001E2529 /* FirebaseDatabaseSwift in Frameworks */,
				E53E0BA72B35747D001E2529 /* FirebaseFirestore in Frameworks */,
				E53E0BB52B35747D001E2529 /* FirebaseInstallations in Frameworks */,
				E53E0BAF2B35747D001E2529 /* FirebaseFunctionsCombine-Community in Frameworks */,
				E553DA222B3AA6500091F4CE /* Sentry.framework in Frameworks */,
				E53E0BA92B35747D001E2529 /* FirebaseFirestoreCombine-Community in Frameworks */,
				E53E0BA12B35747D001E2529 /* FirebaseDatabase in Frameworks */,
				E53E0BBB2B35747D001E2529 /* FirebasePerformance in Frameworks */,
				E53E0B972B35747D001E2529 /* FirebaseAppCheck in Frameworks */,
				E53E0B912B35747D001E2529 /* FirebaseAnalyticsOnDeviceConversion in Frameworks */,
				E53E0BB32B35747D001E2529 /* FirebaseInAppMessagingSwift-Beta in Frameworks */,
				E53E0BBF2B35747D001E2529 /* FirebaseRemoteConfigSwift in Frameworks */,
				E53E0B932B35747D001E2529 /* FirebaseAnalyticsSwift in Frameworks */,
				E53E0B992B35747D001E2529 /* FirebaseAppDistribution-Beta in Frameworks */,
				E53E0BBD2B35747D001E2529 /* FirebaseRemoteConfig in Frameworks */,
				E53E0BC12B35747D001E2529 /* FirebaseStorage in Frameworks */,
				E53E0B9D2B35747D001E2529 /* FirebaseAuthCombine-Community in Frameworks */,
				E53E0BC32B35747D001E2529 /* FirebaseStorageCombine-Community in Frameworks */,
				E53E0BB12B35747D001E2529 /* FirebaseInAppMessaging-Beta in Frameworks */,
			);
			runOnlyForDeploymentPostprocessing = 0;
		};
/* End PBXFrameworksBuildPhase section */

/* Begin PBXGroup section */
		2E28FB32C6721700FBCADF75 /* Pods */ = {
			isa = PBXGroup;
			children = (
				456432464CA216038A09C0AA /* Pods-StealthRocketVPN.debug.xcconfig */,
				A4E5C9164D6DC120D9D2C967 /* Pods-StealthRocketVPN.release.xcconfig */,
				ACEDCC2B2660B00BBB924C07 /* Pods-StealthRocketNetworkExtentsion.debug.xcconfig */,
				3C65F7CBDDBE436683525B30 /* Pods-StealthRocketNetworkExtentsion.release.xcconfig */,
			);
			path = Pods;
			sourceTree = "<group>";
		};
		D0C493F9F24E7F3A8925A9E3 /* Frameworks */ = {
			isa = PBXGroup;
			children = (
				23D7C8F9648DB3F2B327522B /* Pods_StealthRocketVPN.framework */,
				E553DA0C2B3AA3F00091F4CE /* NetworkExtension.framework */,
				DED2FC2D36E929D83930C4AC /* Pods_StealthRocketNetworkExtentsion.framework */,
			);
			name = Frameworks;
			sourceTree = "<group>";
		};
		E53E0B8A2B352F5C001E2529 /* ConnectStatus */ = {
			isa = PBXGroup;
			children = (
				E53E0B8B2B353250001E2529 /* ConnectStatusController.swift */,
			);
			path = ConnectStatus;
			sourceTree = "<group>";
		};
		E53E0BC42B35756E001E2529 /* FirebaseConfig */ = {
			isa = PBXGroup;
			children = (
				E53E0BC52B3575AF001E2529 /* FirebaseConfig.swift */,
			);
			path = FirebaseConfig;
			sourceTree = "<group>";
		};
		E53E0BC72B358F10001E2529 /* GlobalParameters  */ = {
			isa = PBXGroup;
			children = (
				E53E0BC82B358F35001E2529 /* GlobalParameters.swift */,
			);
			path = "GlobalParameters ";
			sourceTree = "<group>";
		};
		E53E0BD12B3A9F02001E2529 /* SSLib */ = {
			isa = PBXGroup;
			children = (
				E553DA2A2B3AA6810091F4CE /* Shadowsocks_iOS.framework */,
				E553DA272B3AA6710091F4CE /* CocoaAsyncSocket.framework */,
				E553DA242B3AA65B0091F4CE /* Tun2socks.framework */,
				E553DA212B3AA6500091F4CE /* Sentry.framework */,
			);
			path = SSLib;
			sourceTree = "<group>";
		};
		E553DA0E2B3AA3F00091F4CE /* StealthRocketNetworkExtentsion */ = {
			isa = PBXGroup;
			children = (
				E553DA0F2B3AA3F00091F4CE /* PacketTunnelProvider.swift */,
				E553DA112B3AA3F00091F4CE /* Info.plist */,
				E553DA122B3AA3F00091F4CE /* StealthRocketNetworkExtentsion.entitlements */,
				E553DA302B3AAAF40091F4CE /* Shadowsocks.h */,
				E553DA312B3AAAF40091F4CE /* Shadowsocks.m */,
				E553DA2F2B3AAAF40091F4CE /* StealthRocketNetworkExtentsion-Bridging-Header.h */,
				E553DA362B3AB08A0091F4CE /* ConnectModel.h */,
				E553DA372B3AB08A0091F4CE /* ConnectModel.m */,
			);
			path = StealthRocketNetworkExtentsion;
			sourceTree = "<group>";
		};
		E5C0E3412B331DBC0060CF4F = {
			isa = PBXGroup;
			children = (
				E5C0E34C2B331DBC0060CF4F /* StealthRocketVPN */,
				E553DA0E2B3AA3F00091F4CE /* StealthRocketNetworkExtentsion */,
				E5C0E34B2B331DBC0060CF4F /* Products */,
				2E28FB32C6721700FBCADF75 /* Pods */,
				D0C493F9F24E7F3A8925A9E3 /* Frameworks */,
			);
			sourceTree = "<group>";
		};
		E5C0E34B2B331DBC0060CF4F /* Products */ = {
			isa = PBXGroup;
			children = (
				E5C0E34A2B331DBC0060CF4F /* StealthRocketVPN.app */,
				E553DA0B2B3AA3F00091F4CE /* StealthRocketNetworkExtentsion.appex */,
			);
			name = Products;
			sourceTree = "<group>";
		};
		E5C0E34C2B331DBC0060CF4F /* StealthRocketVPN */ = {
			isa = PBXGroup;
			children = (
				E553DA1A2B3AA5940091F4CE /* StealthRocketVPN.entitlements */,
				E53E0BD12B3A9F02001E2529 /* SSLib */,
				E53E0BC72B358F10001E2529 /* GlobalParameters  */,
				E53E0BC42B35756E001E2529 /* FirebaseConfig */,
				E53E0B8A2B352F5C001E2529 /* ConnectStatus */,
				E5D51FE72B345C2C004FBB84 /* Server */,
				E5D51FDD2B340FBE004FBB84 /* Advertise */,
				E5D51FD82B340924004FBB84 /* Home */,
				E5D51FD52B33E52B004FBB84 /* Tools */,
				E5D51FD22B33DAA8004FBB84 /* LaunchScreen */,
				E5C0E34D2B331DBC0060CF4F /* AppDelegate.swift */,
				E53E0BCC2B396145001E2529 /* GoogleService-Info.plist */,
				E5C0E3562B331DBD0060CF4F /* Assets.xcassets */,
				E5C0E35B2B331DBD0060CF4F /* Info.plist */,
			);
			path = StealthRocketVPN;
			sourceTree = "<group>";
		};
		E5D51FD22B33DAA8004FBB84 /* LaunchScreen */ = {
			isa = PBXGroup;
			children = (
				E5C0E3582B331DBD0060CF4F /* LaunchScreen.storyboard */,
				E5D51FD32B33DDAE004FBB84 /* OpenLodingController.swift */,
			);
			path = LaunchScreen;
			sourceTree = "<group>";
		};
		E5D51FD52B33E52B004FBB84 /* Tools */ = {
			isa = PBXGroup;
			children = (
				E5D51FD62B33E567004FBB84 /* ColorHex.swift */,
				E5D51FDB2B340A09004FBB84 /* ConstantFile.swift */,
			);
			path = Tools;
			sourceTree = "<group>";
		};
		E5D51FD82B340924004FBB84 /* Home */ = {
			isa = PBXGroup;
			children = (
				E5D51FD92B34094D004FBB84 /* HomeController.swift */,
				E5D51FE32B3421E6004FBB84 /* HomeConnectView.swift */,
				E5D51FE52B3441D0004FBB84 /* HomeFlowView.swift */,
				E5D51FEC2B3467F0004FBB84 /* HomeSettingView.swift */,
			);
			path = Home;
			sourceTree = "<group>";
		};
		E5D51FDD2B340FBE004FBB84 /* Advertise */ = {
			isa = PBXGroup;
			children = (
				E5D51FDE2B34101F004FBB84 /* OpenAdMob.swift */,
			);
			path = Advertise;
			sourceTree = "<group>";
		};
		E5D51FE72B345C2C004FBB84 /* Server */ = {
			isa = PBXGroup;
			children = (
				E5D51FE82B345C74004FBB84 /* ServerController.swift */,
				E5D51FEA2B345FB0004FBB84 /* ServerCell.swift */,
				E53E0BCA2B392048001E2529 /* ServerModel.swift */,
			);
			path = Server;
			sourceTree = "<group>";
		};
/* End PBXGroup section */

/* Begin PBXNativeTarget section */
		E553DA0A2B3AA3F00091F4CE /* StealthRocketNetworkExtentsion */ = {
			isa = PBXNativeTarget;
			buildConfigurationList = E553DA162B3AA3F00091F4CE /* Build configuration list for PBXNativeTarget "StealthRocketNetworkExtentsion" */;
			buildPhases = (
				6A47AF0B0688ACF4F3B1E97A /* [CP] Check Pods Manifest.lock */,
				E553DA072B3AA3F00091F4CE /* Sources */,
				E553DA082B3AA3F00091F4CE /* Frameworks */,
				E553DA092B3AA3F00091F4CE /* Resources */,
			);
			buildRules = (
			);
			dependencies = (
			);
			name = StealthRocketNetworkExtentsion;
			productName = StealthRocketNetworkExtentsion;
			productReference = E553DA0B2B3AA3F00091F4CE /* StealthRocketNetworkExtentsion.appex */;
			productType = "com.apple.product-type.app-extension";
		};
		E5C0E3492B331DBC0060CF4F /* StealthRocketVPN */ = {
			isa = PBXNativeTarget;
			buildConfigurationList = E5C0E35E2B331DBD0060CF4F /* Build configuration list for PBXNativeTarget "StealthRocketVPN" */;
			buildPhases = (
				6FBBAF971AC9A204ED304F87 /* [CP] Check Pods Manifest.lock */,
				E5C0E3462B331DBC0060CF4F /* Sources */,
				E5C0E3472B331DBC0060CF4F /* Frameworks */,
				E5C0E3482B331DBC0060CF4F /* Resources */,
				EC47B60D921B24F51463CADA /* [CP] Embed Pods Frameworks */,
				E553DA192B3AA3F00091F4CE /* Embed Foundation Extensions */,
			);
			buildRules = (
			);
			dependencies = (
				E553DA142B3AA3F00091F4CE /* PBXTargetDependency */,
			);
			name = StealthRocketVPN;
			packageProductDependencies = (
				E5D51FE12B34110F004FBB84 /* GoogleMobileAds */,
				E53E0B8E2B35747D001E2529 /* FirebaseAnalytics */,
				E53E0B902B35747D001E2529 /* FirebaseAnalyticsOnDeviceConversion */,
				E53E0B922B35747D001E2529 /* FirebaseAnalyticsSwift */,
				E53E0B942B35747D001E2529 /* FirebaseAnalyticsWithoutAdIdSupport */,
				E53E0B962B35747D001E2529 /* FirebaseAppCheck */,
				E53E0B982B35747D001E2529 /* FirebaseAppDistribution-Beta */,
				E53E0B9A2B35747D001E2529 /* FirebaseAuth */,
				E53E0B9C2B35747D001E2529 /* FirebaseAuthCombine-Community */,
				E53E0B9E2B35747D001E2529 /* FirebaseCrashlytics */,
				E53E0BA02B35747D001E2529 /* FirebaseDatabase */,
				E53E0BA22B35747D001E2529 /* FirebaseDatabaseSwift */,
				E53E0BA42B35747D001E2529 /* FirebaseDynamicLinks */,
				E53E0BA62B35747D001E2529 /* FirebaseFirestore */,
				E53E0BA82B35747D001E2529 /* FirebaseFirestoreCombine-Community */,
				E53E0BAA2B35747D001E2529 /* FirebaseFirestoreSwift */,
				E53E0BAC2B35747D001E2529 /* FirebaseFunctions */,
				E53E0BAE2B35747D001E2529 /* FirebaseFunctionsCombine-Community */,
				E53E0BB02B35747D001E2529 /* FirebaseInAppMessaging-Beta */,
				E53E0BB22B35747D001E2529 /* FirebaseInAppMessagingSwift-Beta */,
				E53E0BB42B35747D001E2529 /* FirebaseInstallations */,
				E53E0BB62B35747D001E2529 /* FirebaseMLModelDownloader */,
				E53E0BB82B35747D001E2529 /* FirebaseMessaging */,
				E53E0BBA2B35747D001E2529 /* FirebasePerformance */,
				E53E0BBC2B35747D001E2529 /* FirebaseRemoteConfig */,
				E53E0BBE2B35747D001E2529 /* FirebaseRemoteConfigSwift */,
				E53E0BC02B35747D001E2529 /* FirebaseStorage */,
				E53E0BC22B35747D001E2529 /* FirebaseStorageCombine-Community */,
			);
			productName = StealthRocketVPN;
			productReference = E5C0E34A2B331DBC0060CF4F /* StealthRocketVPN.app */;
			productType = "com.apple.product-type.application";
		};
/* End PBXNativeTarget section */

/* Begin PBXProject section */
		E5C0E3422B331DBC0060CF4F /* Project object */ = {
			isa = PBXProject;
			attributes = {
				BuildIndependentTargetsInParallel = 1;
				LastSwiftUpdateCheck = 1500;
				LastUpgradeCheck = 1500;
				TargetAttributes = {
					E553DA0A2B3AA3F00091F4CE = {
						CreatedOnToolsVersion = 15.0.1;
						LastSwiftMigration = 1500;
					};
					E5C0E3492B331DBC0060CF4F = {
						CreatedOnToolsVersion = 15.0.1;
					};
				};
			};
			buildConfigurationList = E5C0E3452B331DBC0060CF4F /* Build configuration list for PBXProject "StealthRocketVPN" */;
			compatibilityVersion = "Xcode 14.0";
			developmentRegion = en;
			hasScannedForEncodings = 0;
			knownRegions = (
				en,
				Base,
			);
			mainGroup = E5C0E3412B331DBC0060CF4F;
			packageReferences = (
				E5D51FE02B34110F004FBB84 /* XCRemoteSwiftPackageReference "swift-package-manager-google-mobile-ads.git" */,
				E53E0B8D2B35747D001E2529 /* XCRemoteSwiftPackageReference "firebase-ios-sdk" */,
			);
			productRefGroup = E5C0E34B2B331DBC0060CF4F /* Products */;
			projectDirPath = "";
			projectRoot = "";
			targets = (
				E5C0E3492B331DBC0060CF4F /* StealthRocketVPN */,
				E553DA0A2B3AA3F00091F4CE /* StealthRocketNetworkExtentsion */,
			);
		};
/* End PBXProject section */

/* Begin PBXResourcesBuildPhase section */
		E553DA092B3AA3F00091F4CE /* Resources */ = {
			isa = PBXResourcesBuildPhase;
			buildActionMask = 2147483647;
			files = (
			);
			runOnlyForDeploymentPostprocessing = 0;
		};
		E5C0E3482B331DBC0060CF4F /* Resources */ = {
			isa = PBXResourcesBuildPhase;
			buildActionMask = 2147483647;
			files = (
				E5C0E35A2B331DBD0060CF4F /* LaunchScreen.storyboard in Resources */,
				E5C0E3572B331DBD0060CF4F /* Assets.xcassets in Resources */,
				E53E0BCD2B396145001E2529 /* GoogleService-Info.plist in Resources */,
			);
			runOnlyForDeploymentPostprocessing = 0;
		};
/* End PBXResourcesBuildPhase section */

/* Begin PBXShellScriptBuildPhase section */
		6A47AF0B0688ACF4F3B1E97A /* [CP] Check Pods Manifest.lock */ = {
			isa = PBXShellScriptBuildPhase;
			buildActionMask = 2147483647;
			files = (
			);
			inputFileListPaths = (
			);
			inputPaths = (
				"${PODS_PODFILE_DIR_PATH}/Podfile.lock",
				"${PODS_ROOT}/Manifest.lock",
			);
			name = "[CP] Check Pods Manifest.lock";
			outputFileListPaths = (
			);
			outputPaths = (
				"$(DERIVED_FILE_DIR)/Pods-StealthRocketNetworkExtentsion-checkManifestLockResult.txt",
			);
			runOnlyForDeploymentPostprocessing = 0;
			shellPath = /bin/sh;
			shellScript = "diff \"${PODS_PODFILE_DIR_PATH}/Podfile.lock\" \"${PODS_ROOT}/Manifest.lock\" > /dev/null\nif [ $? != 0 ] ; then\n    # print error to STDERR\n    echo \"error: The sandbox is not in sync with the Podfile.lock. Run 'pod install' or update your CocoaPods installation.\" >&2\n    exit 1\nfi\n# This output is used by Xcode 'outputs' to avoid re-running this script phase.\necho \"SUCCESS\" > \"${SCRIPT_OUTPUT_FILE_0}\"\n";
			showEnvVarsInLog = 0;
		};
		6FBBAF971AC9A204ED304F87 /* [CP] Check Pods Manifest.lock */ = {
			isa = PBXShellScriptBuildPhase;
			buildActionMask = 2147483647;
			files = (
			);
			inputFileListPaths = (
			);
			inputPaths = (
				"${PODS_PODFILE_DIR_PATH}/Podfile.lock",
				"${PODS_ROOT}/Manifest.lock",
			);
			name = "[CP] Check Pods Manifest.lock";
			outputFileListPaths = (
			);
			outputPaths = (
				"$(DERIVED_FILE_DIR)/Pods-StealthRocketVPN-checkManifestLockResult.txt",
			);
			runOnlyForDeploymentPostprocessing = 0;
			shellPath = /bin/sh;
			shellScript = "diff \"${PODS_PODFILE_DIR_PATH}/Podfile.lock\" \"${PODS_ROOT}/Manifest.lock\" > /dev/null\nif [ $? != 0 ] ; then\n    # print error to STDERR\n    echo \"error: The sandbox is not in sync with the Podfile.lock. Run 'pod install' or update your CocoaPods installation.\" >&2\n    exit 1\nfi\n# This output is used by Xcode 'outputs' to avoid re-running this script phase.\necho \"SUCCESS\" > \"${SCRIPT_OUTPUT_FILE_0}\"\n";
			showEnvVarsInLog = 0;
		};
		EC47B60D921B24F51463CADA /* [CP] Embed Pods Frameworks */ = {
			isa = PBXShellScriptBuildPhase;
			buildActionMask = 2147483647;
			files = (
			);
			inputFileListPaths = (
				"${PODS_ROOT}/Target Support Files/Pods-StealthRocketVPN/Pods-StealthRocketVPN-frameworks-${CONFIGURATION}-input-files.xcfilelist",
			);
			name = "[CP] Embed Pods Frameworks";
			outputFileListPaths = (
				"${PODS_ROOT}/Target Support Files/Pods-StealthRocketVPN/Pods-StealthRocketVPN-frameworks-${CONFIGURATION}-output-files.xcfilelist",
			);
			runOnlyForDeploymentPostprocessing = 0;
			shellPath = /bin/sh;
			shellScript = "\"${PODS_ROOT}/Target Support Files/Pods-StealthRocketVPN/Pods-StealthRocketVPN-frameworks.sh\"\n";
			showEnvVarsInLog = 0;
		};
/* End PBXShellScriptBuildPhase section */

/* Begin PBXSourcesBuildPhase section */
		E553DA072B3AA3F00091F4CE /* Sources */ = {
			isa = PBXSourcesBuildPhase;
			buildActionMask = 2147483647;
			files = (
				E553DA102B3AA3F00091F4CE /* PacketTunnelProvider.swift in Sources */,
				E553DA322B3AAAF40091F4CE /* Shadowsocks.m in Sources */,
				E553DA382B3AB08A0091F4CE /* ConnectModel.m in Sources */,
			);
			runOnlyForDeploymentPostprocessing = 0;
		};
		E5C0E3462B331DBC0060CF4F /* Sources */ = {
			isa = PBXSourcesBuildPhase;
			buildActionMask = 2147483647;
			files = (
				E53E0BC92B358F35001E2529 /* GlobalParameters.swift in Sources */,
				E5D51FDA2B34094D004FBB84 /* HomeController.swift in Sources */,
				E5D51FE62B3441D0004FBB84 /* HomeFlowView.swift in Sources */,
				E5D51FDF2B34101F004FBB84 /* OpenAdMob.swift in Sources */,
				E5D51FD42B33DDAE004FBB84 /* OpenLodingController.swift in Sources */,
				E5D51FEB2B345FB0004FBB84 /* ServerCell.swift in Sources */,
				E5D51FD72B33E567004FBB84 /* ColorHex.swift in Sources */,
				E5D51FDC2B340A09004FBB84 /* ConstantFile.swift in Sources */,
				E5D51FE42B3421E6004FBB84 /* HomeConnectView.swift in Sources */,
				E5C0E34E2B331DBC0060CF4F /* AppDelegate.swift in Sources */,
				E53E0BC62B3575AF001E2529 /* FirebaseConfig.swift in Sources */,
				E5D51FED2B3467F0004FBB84 /* HomeSettingView.swift in Sources */,
				E53E0BCB2B392048001E2529 /* ServerModel.swift in Sources */,
				E53E0B8C2B353250001E2529 /* ConnectStatusController.swift in Sources */,
				E5D51FE92B345C74004FBB84 /* ServerController.swift in Sources */,
			);
			runOnlyForDeploymentPostprocessing = 0;
		};
/* End PBXSourcesBuildPhase section */

/* Begin PBXTargetDependency section */
		E553DA142B3AA3F00091F4CE /* PBXTargetDependency */ = {
			isa = PBXTargetDependency;
			target = E553DA0A2B3AA3F00091F4CE /* StealthRocketNetworkExtentsion */;
			targetProxy = E553DA132B3AA3F00091F4CE /* PBXContainerItemProxy */;
		};
/* End PBXTargetDependency section */

/* Begin PBXVariantGroup section */
		E5C0E3582B331DBD0060CF4F /* LaunchScreen.storyboard */ = {
			isa = PBXVariantGroup;
			children = (
				E5C0E3592B331DBD0060CF4F /* Base */,
			);
			name = LaunchScreen.storyboard;
			sourceTree = "<group>";
		};
/* End PBXVariantGroup section */

/* Begin XCBuildConfiguration section */
		E553DA172B3AA3F00091F4CE /* Debug */ = {
			isa = XCBuildConfiguration;
			baseConfigurationReference = ACEDCC2B2660B00BBB924C07 /* Pods-StealthRocketNetworkExtentsion.debug.xcconfig */;
			buildSettings = {
				CLANG_ENABLE_MODULES = YES;
				CODE_SIGN_ENTITLEMENTS = StealthRocketNetworkExtentsion/StealthRocketNetworkExtentsion.entitlements;
				CODE_SIGN_STYLE = Automatic;
				CURRENT_PROJECT_VERSION = 1;
				DEFINES_MODULE = YES;
				DEVELOPMENT_TEAM = SCT3Z5ZYL6;
				FRAMEWORK_SEARCH_PATHS = (
					"$(inherited)",
					"$(PROJECT_DIR)/StealthRocketVPN/SSLib",
				);
				GENERATE_INFOPLIST_FILE = YES;
				INFOPLIST_FILE = StealthRocketNetworkExtentsion/Info.plist;
				INFOPLIST_KEY_CFBundleDisplayName = StealthRocketNetworkExtentsion;
				INFOPLIST_KEY_NSHumanReadableCopyright = "";
				LD_RUNPATH_SEARCH_PATHS = (
					"$(inherited)",
					"@executable_path/Frameworks",
					"@executable_path/../../Frameworks",
				);
				MARKETING_VERSION = 1.0;
				PRODUCT_BUNDLE_IDENTIFIER = c.StealthRocketVPN.StealthRocketNetworkExtentsion;
				PRODUCT_NAME = "$(TARGET_NAME)";
				SKIP_INSTALL = YES;
				SWIFT_EMIT_LOC_STRINGS = YES;
				SWIFT_OBJC_BRIDGING_HEADER = "StealthRocketNetworkExtentsion/StealthRocketNetworkExtentsion-Bridging-Header.h";
				SWIFT_OPTIMIZATION_LEVEL = "-Onone";
				SWIFT_VERSION = 5.0;
				TARGETED_DEVICE_FAMILY = "1,2";
			};
			name = Debug;
		};
		E553DA182B3AA3F00091F4CE /* Release */ = {
			isa = XCBuildConfiguration;
			baseConfigurationReference = 3C65F7CBDDBE436683525B30 /* Pods-StealthRocketNetworkExtentsion.release.xcconfig */;
			buildSettings = {
				CLANG_ENABLE_MODULES = YES;
				CODE_SIGN_ENTITLEMENTS = StealthRocketNetworkExtentsion/StealthRocketNetworkExtentsion.entitlements;
				CODE_SIGN_STYLE = Automatic;
				CURRENT_PROJECT_VERSION = 1;
				DEFINES_MODULE = YES;
				DEVELOPMENT_TEAM = SCT3Z5ZYL6;
				FRAMEWORK_SEARCH_PATHS = (
					"$(inherited)",
					"$(PROJECT_DIR)/StealthRocketVPN/SSLib",
				);
				GENERATE_INFOPLIST_FILE = YES;
				INFOPLIST_FILE = StealthRocketNetworkExtentsion/Info.plist;
				INFOPLIST_KEY_CFBundleDisplayName = StealthRocketNetworkExtentsion;
				INFOPLIST_KEY_NSHumanReadableCopyright = "";
				LD_RUNPATH_SEARCH_PATHS = (
					"$(inherited)",
					"@executable_path/Frameworks",
					"@executable_path/../../Frameworks",
				);
				MARKETING_VERSION = 1.0;
				PRODUCT_BUNDLE_IDENTIFIER = c.StealthRocketVPN.StealthRocketNetworkExtentsion;
				PRODUCT_NAME = "$(TARGET_NAME)";
				SKIP_INSTALL = YES;
				SWIFT_EMIT_LOC_STRINGS = YES;
				SWIFT_OBJC_BRIDGING_HEADER = "StealthRocketNetworkExtentsion/StealthRocketNetworkExtentsion-Bridging-Header.h";
				SWIFT_VERSION = 5.0;
				TARGETED_DEVICE_FAMILY = "1,2";
			};
			name = Release;
		};
		E5C0E35C2B331DBD0060CF4F /* Debug */ = {
			isa = XCBuildConfiguration;
			buildSettings = {
				ALWAYS_SEARCH_USER_PATHS = NO;
				ASSETCATALOG_COMPILER_GENERATE_SWIFT_ASSET_SYMBOL_EXTENSIONS = YES;
				CLANG_ANALYZER_NONNULL = YES;
				CLANG_ANALYZER_NUMBER_OBJECT_CONVERSION = YES_AGGRESSIVE;
				CLANG_CXX_LANGUAGE_STANDARD = "gnu++20";
				CLANG_ENABLE_MODULES = YES;
				CLANG_ENABLE_OBJC_ARC = YES;
				CLANG_ENABLE_OBJC_WEAK = YES;
				CLANG_WARN_BLOCK_CAPTURE_AUTORELEASING = YES;
				CLANG_WARN_BOOL_CONVERSION = YES;
				CLANG_WARN_COMMA = YES;
				CLANG_WARN_CONSTANT_CONVERSION = YES;
				CLANG_WARN_DEPRECATED_OBJC_IMPLEMENTATIONS = YES;
				CLANG_WARN_DIRECT_OBJC_ISA_USAGE = YES_ERROR;
				CLANG_WARN_DOCUMENTATION_COMMENTS = YES;
				CLANG_WARN_EMPTY_BODY = YES;
				CLANG_WARN_ENUM_CONVERSION = YES;
				CLANG_WARN_INFINITE_RECURSION = YES;
				CLANG_WARN_INT_CONVERSION = YES;
				CLANG_WARN_NON_LITERAL_NULL_CONVERSION = YES;
				CLANG_WARN_OBJC_IMPLICIT_RETAIN_SELF = YES;
				CLANG_WARN_OBJC_LITERAL_CONVERSION = YES;
				CLANG_WARN_OBJC_ROOT_CLASS = YES_ERROR;
				CLANG_WARN_QUOTED_INCLUDE_IN_FRAMEWORK_HEADER = YES;
				CLANG_WARN_RANGE_LOOP_ANALYSIS = YES;
				CLANG_WARN_STRICT_PROTOTYPES = YES;
				CLANG_WARN_SUSPICIOUS_MOVE = YES;
				CLANG_WARN_UNGUARDED_AVAILABILITY = YES_AGGRESSIVE;
				CLANG_WARN_UNREACHABLE_CODE = YES;
				CLANG_WARN__DUPLICATE_METHOD_MATCH = YES;
				COPY_PHASE_STRIP = NO;
				DEBUG_INFORMATION_FORMAT = dwarf;
				ENABLE_STRICT_OBJC_MSGSEND = YES;
				ENABLE_TESTABILITY = YES;
				ENABLE_USER_SCRIPT_SANDBOXING = YES;
				GCC_C_LANGUAGE_STANDARD = gnu17;
				GCC_DYNAMIC_NO_PIC = NO;
				GCC_NO_COMMON_BLOCKS = YES;
				GCC_OPTIMIZATION_LEVEL = 0;
				GCC_PREPROCESSOR_DEFINITIONS = (
					"DEBUG=1",
					"$(inherited)",
				);
				GCC_WARN_64_TO_32_BIT_CONVERSION = YES;
				GCC_WARN_ABOUT_RETURN_TYPE = YES_ERROR;
				GCC_WARN_UNDECLARED_SELECTOR = YES;
				GCC_WARN_UNINITIALIZED_AUTOS = YES_AGGRESSIVE;
				GCC_WARN_UNUSED_FUNCTION = YES;
				GCC_WARN_UNUSED_VARIABLE = YES;
				IPHONEOS_DEPLOYMENT_TARGET = 17.0;
				LOCALIZATION_PREFERS_STRING_CATALOGS = YES;
				MTL_ENABLE_DEBUG_INFO = INCLUDE_SOURCE;
				MTL_FAST_MATH = YES;
				ONLY_ACTIVE_ARCH = YES;
				SDKROOT = iphoneos;
				SWIFT_ACTIVE_COMPILATION_CONDITIONS = "DEBUG $(inherited)";
				SWIFT_OPTIMIZATION_LEVEL = "-Onone";
			};
			name = Debug;
		};
		E5C0E35D2B331DBD0060CF4F /* Release */ = {
			isa = XCBuildConfiguration;
			buildSettings = {
				ALWAYS_SEARCH_USER_PATHS = NO;
				ASSETCATALOG_COMPILER_GENERATE_SWIFT_ASSET_SYMBOL_EXTENSIONS = YES;
				CLANG_ANALYZER_NONNULL = YES;
				CLANG_ANALYZER_NUMBER_OBJECT_CONVERSION = YES_AGGRESSIVE;
				CLANG_CXX_LANGUAGE_STANDARD = "gnu++20";
				CLANG_ENABLE_MODULES = YES;
				CLANG_ENABLE_OBJC_ARC = YES;
				CLANG_ENABLE_OBJC_WEAK = YES;
				CLANG_WARN_BLOCK_CAPTURE_AUTORELEASING = YES;
				CLANG_WARN_BOOL_CONVERSION = YES;
				CLANG_WARN_COMMA = YES;
				CLANG_WARN_CONSTANT_CONVERSION = YES;
				CLANG_WARN_DEPRECATED_OBJC_IMPLEMENTATIONS = YES;
				CLANG_WARN_DIRECT_OBJC_ISA_USAGE = YES_ERROR;
				CLANG_WARN_DOCUMENTATION_COMMENTS = YES;
				CLANG_WARN_EMPTY_BODY = YES;
				CLANG_WARN_ENUM_CONVERSION = YES;
				CLANG_WARN_INFINITE_RECURSION = YES;
				CLANG_WARN_INT_CONVERSION = YES;
				CLANG_WARN_NON_LITERAL_NULL_CONVERSION = YES;
				CLANG_WARN_OBJC_IMPLICIT_RETAIN_SELF = YES;
				CLANG_WARN_OBJC_LITERAL_CONVERSION = YES;
				CLANG_WARN_OBJC_ROOT_CLASS = YES_ERROR;
				CLANG_WARN_QUOTED_INCLUDE_IN_FRAMEWORK_HEADER = YES;
				CLANG_WARN_RANGE_LOOP_ANALYSIS = YES;
				CLANG_WARN_STRICT_PROTOTYPES = YES;
				CLANG_WARN_SUSPICIOUS_MOVE = YES;
				CLANG_WARN_UNGUARDED_AVAILABILITY = YES_AGGRESSIVE;
				CLANG_WARN_UNREACHABLE_CODE = YES;
				CLANG_WARN__DUPLICATE_METHOD_MATCH = YES;
				COPY_PHASE_STRIP = NO;
				DEBUG_INFORMATION_FORMAT = "dwarf-with-dsym";
				ENABLE_NS_ASSERTIONS = NO;
				ENABLE_STRICT_OBJC_MSGSEND = YES;
				ENABLE_USER_SCRIPT_SANDBOXING = YES;
				GCC_C_LANGUAGE_STANDARD = gnu17;
				GCC_NO_COMMON_BLOCKS = YES;
				GCC_WARN_64_TO_32_BIT_CONVERSION = YES;
				GCC_WARN_ABOUT_RETURN_TYPE = YES_ERROR;
				GCC_WARN_UNDECLARED_SELECTOR = YES;
				GCC_WARN_UNINITIALIZED_AUTOS = YES_AGGRESSIVE;
				GCC_WARN_UNUSED_FUNCTION = YES;
				GCC_WARN_UNUSED_VARIABLE = YES;
				IPHONEOS_DEPLOYMENT_TARGET = 17.0;
				LOCALIZATION_PREFERS_STRING_CATALOGS = YES;
				MTL_ENABLE_DEBUG_INFO = NO;
				MTL_FAST_MATH = YES;
				SDKROOT = iphoneos;
				SWIFT_COMPILATION_MODE = wholemodule;
				VALIDATE_PRODUCT = YES;
			};
			name = Release;
		};
		E5C0E35F2B331DBD0060CF4F /* Debug */ = {
			isa = XCBuildConfiguration;
			baseConfigurationReference = 456432464CA216038A09C0AA /* Pods-StealthRocketVPN.debug.xcconfig */;
			buildSettings = {
				ALWAYS_EMBED_SWIFT_STANDARD_LIBRARIES = YES;
				ASSETCATALOG_COMPILER_APPICON_NAME = AppIcon;
				ASSETCATALOG_COMPILER_GLOBAL_ACCENT_COLOR_NAME = AccentColor;
				CODE_SIGN_ENTITLEMENTS = StealthRocketVPN/StealthRocketVPN.entitlements;
				CODE_SIGN_STYLE = Automatic;
				CURRENT_PROJECT_VERSION = 1;
				DEVELOPMENT_TEAM = SCT3Z5ZYL6;
				ENABLE_USER_SCRIPT_SANDBOXING = NO;
				FRAMEWORK_SEARCH_PATHS = (
					"$(inherited)",
					"$(PROJECT_DIR)/StealthRocketVPN/SSLib",
					"$(PROJECT_DIR)/StealthRocketVPN/SSLib/go-tun2socks/ios",
				);
				GENERATE_INFOPLIST_FILE = YES;
				INFOPLIST_FILE = StealthRocketVPN/Info.plist;
				INFOPLIST_KEY_CFBundleDisplayName = StealthRocketVPN;
				INFOPLIST_KEY_UIApplicationSupportsIndirectInputEvents = YES;
				INFOPLIST_KEY_UILaunchStoryboardName = LaunchScreen;
				INFOPLIST_KEY_UISupportedInterfaceOrientations = UIInterfaceOrientationPortrait;
				INFOPLIST_KEY_UISupportedInterfaceOrientations_iPad = "UIInterfaceOrientationLandscapeLeft UIInterfaceOrientationLandscapeRight UIInterfaceOrientationPortrait UIInterfaceOrientationPortraitUpsideDown";
				IPHONEOS_DEPLOYMENT_TARGET = 13.0;
				LD_RUNPATH_SEARCH_PATHS = (
					"$(inherited)",
					"@executable_path/Frameworks",
				);
				MARKETING_VERSION = 1.0;
				OTHER_LDFLAGS = (
					"$(inherited)",
					"-framework",
					"\"AFNetworking\"",
					"-framework",
					"\"CoreFoundation\"",
					"-framework",
					"\"Foundation\"",
					"-framework",
					"\"SnapKit\"",
					"-framework",
					"\"YYModel\"",
					"-ObjC",
				);
				PRODUCT_BUNDLE_IDENTIFIER = c.StealthRocketVPN;
				PRODUCT_NAME = "$(TARGET_NAME)";
				SUPPORTED_PLATFORMS = "iphoneos iphonesimulator";
				SUPPORTS_MACCATALYST = NO;
				SUPPORTS_MAC_DESIGNED_FOR_IPHONE_IPAD = NO;
				SWIFT_EMIT_LOC_STRINGS = YES;
				SWIFT_VERSION = 5.0;
				TARGETED_DEVICE_FAMILY = 1;
			};
			name = Debug;
		};
		E5C0E3602B331DBD0060CF4F /* Release */ = {
			isa = XCBuildConfiguration;
			baseConfigurationReference = A4E5C9164D6DC120D9D2C967 /* Pods-StealthRocketVPN.release.xcconfig */;
			buildSettings = {
				ALWAYS_EMBED_SWIFT_STANDARD_LIBRARIES = YES;
				ASSETCATALOG_COMPILER_APPICON_NAME = AppIcon;
				ASSETCATALOG_COMPILER_GLOBAL_ACCENT_COLOR_NAME = AccentColor;
				CODE_SIGN_ENTITLEMENTS = StealthRocketVPN/StealthRocketVPN.entitlements;
				CODE_SIGN_STYLE = Automatic;
				CURRENT_PROJECT_VERSION = 1;
				DEVELOPMENT_TEAM = SCT3Z5ZYL6;
				ENABLE_USER_SCRIPT_SANDBOXING = NO;
				FRAMEWORK_SEARCH_PATHS = (
					"$(inherited)",
					"$(PROJECT_DIR)/StealthRocketVPN/SSLib",
					"$(PROJECT_DIR)/StealthRocketVPN/SSLib/go-tun2socks/ios",
				);
				GENERATE_INFOPLIST_FILE = YES;
				INFOPLIST_FILE = StealthRocketVPN/Info.plist;
				INFOPLIST_KEY_CFBundleDisplayName = StealthRocketVPN;
				INFOPLIST_KEY_UIApplicationSupportsIndirectInputEvents = YES;
				INFOPLIST_KEY_UILaunchStoryboardName = LaunchScreen;
				INFOPLIST_KEY_UISupportedInterfaceOrientations = UIInterfaceOrientationPortrait;
				INFOPLIST_KEY_UISupportedInterfaceOrientations_iPad = "UIInterfaceOrientationLandscapeLeft UIInterfaceOrientationLandscapeRight UIInterfaceOrientationPortrait UIInterfaceOrientationPortraitUpsideDown";
				IPHONEOS_DEPLOYMENT_TARGET = 13.0;
				LD_RUNPATH_SEARCH_PATHS = (
					"$(inherited)",
					"@executable_path/Frameworks",
				);
				MARKETING_VERSION = 1.0;
				OTHER_LDFLAGS = (
					"$(inherited)",
					"-framework",
					"\"AFNetworking\"",
					"-framework",
					"\"CoreFoundation\"",
					"-framework",
					"\"Foundation\"",
					"-framework",
					"\"SnapKit\"",
					"-framework",
					"\"YYModel\"",
					"-ObjC",
				);
				PRODUCT_BUNDLE_IDENTIFIER = c.StealthRocketVPN;
				PRODUCT_NAME = "$(TARGET_NAME)";
				SUPPORTED_PLATFORMS = "iphoneos iphonesimulator";
				SUPPORTS_MACCATALYST = NO;
				SUPPORTS_MAC_DESIGNED_FOR_IPHONE_IPAD = NO;
				SWIFT_EMIT_LOC_STRINGS = YES;
				SWIFT_VERSION = 5.0;
				TARGETED_DEVICE_FAMILY = 1;
			};
			name = Release;
		};
/* End XCBuildConfiguration section */

/* Begin XCConfigurationList section */
		E553DA162B3AA3F00091F4CE /* Build configuration list for PBXNativeTarget "StealthRocketNetworkExtentsion" */ = {
			isa = XCConfigurationList;
			buildConfigurations = (
				E553DA172B3AA3F00091F4CE /* Debug */,
				E553DA182B3AA3F00091F4CE /* Release */,
			);
			defaultConfigurationIsVisible = 0;
			defaultConfigurationName = Release;
		};
		E5C0E3452B331DBC0060CF4F /* Build configuration list for PBXProject "StealthRocketVPN" */ = {
			isa = XCConfigurationList;
			buildConfigurations = (
				E5C0E35C2B331DBD0060CF4F /* Debug */,
				E5C0E35D2B331DBD0060CF4F /* Release */,
			);
			defaultConfigurationIsVisible = 0;
			defaultConfigurationName = Release;
		};
		E5C0E35E2B331DBD0060CF4F /* Build configuration list for PBXNativeTarget "StealthRocketVPN" */ = {
			isa = XCConfigurationList;
			buildConfigurations = (
				E5C0E35F2B331DBD0060CF4F /* Debug */,
				E5C0E3602B331DBD0060CF4F /* Release */,
			);
			defaultConfigurationIsVisible = 0;
			defaultConfigurationName = Release;
		};
/* End XCConfigurationList section */

/* Begin XCRemoteSwiftPackageReference section */
		E53E0B8D2B35747D001E2529 /* XCRemoteSwiftPackageReference "firebase-ios-sdk" */ = {
			isa = XCRemoteSwiftPackageReference;
			repositoryURL = "https://github.com/firebase/firebase-ios-sdk";
			requirement = {
				kind = upToNextMajorVersion;
				minimumVersion = 10.19.1;
			};
		};
		E5D51FE02B34110F004FBB84 /* XCRemoteSwiftPackageReference "swift-package-manager-google-mobile-ads.git" */ = {
			isa = XCRemoteSwiftPackageReference;
			repositoryURL = "https://github.com/googleads/swift-package-manager-google-mobile-ads.git";
			requirement = {
				kind = upToNextMajorVersion;
				minimumVersion = 10.14.0;
			};
		};
/* End XCRemoteSwiftPackageReference section */

/* Begin XCSwiftPackageProductDependency section */
		E53E0B8E2B35747D001E2529 /* FirebaseAnalytics */ = {
			isa = XCSwiftPackageProductDependency;
			package = E53E0B8D2B35747D001E2529 /* XCRemoteSwiftPackageReference "firebase-ios-sdk" */;
			productName = FirebaseAnalytics;
		};
		E53E0B902B35747D001E2529 /* FirebaseAnalyticsOnDeviceConversion */ = {
			isa = XCSwiftPackageProductDependency;
			package = E53E0B8D2B35747D001E2529 /* XCRemoteSwiftPackageReference "firebase-ios-sdk" */;
			productName = FirebaseAnalyticsOnDeviceConversion;
		};
		E53E0B922B35747D001E2529 /* FirebaseAnalyticsSwift */ = {
			isa = XCSwiftPackageProductDependency;
			package = E53E0B8D2B35747D001E2529 /* XCRemoteSwiftPackageReference "firebase-ios-sdk" */;
			productName = FirebaseAnalyticsSwift;
		};
		E53E0B942B35747D001E2529 /* FirebaseAnalyticsWithoutAdIdSupport */ = {
			isa = XCSwiftPackageProductDependency;
			package = E53E0B8D2B35747D001E2529 /* XCRemoteSwiftPackageReference "firebase-ios-sdk" */;
			productName = FirebaseAnalyticsWithoutAdIdSupport;
		};
		E53E0B962B35747D001E2529 /* FirebaseAppCheck */ = {
			isa = XCSwiftPackageProductDependency;
			package = E53E0B8D2B35747D001E2529 /* XCRemoteSwiftPackageReference "firebase-ios-sdk" */;
			productName = FirebaseAppCheck;
		};
		E53E0B982B35747D001E2529 /* FirebaseAppDistribution-Beta */ = {
			isa = XCSwiftPackageProductDependency;
			package = E53E0B8D2B35747D001E2529 /* XCRemoteSwiftPackageReference "firebase-ios-sdk" */;
			productName = "FirebaseAppDistribution-Beta";
		};
		E53E0B9A2B35747D001E2529 /* FirebaseAuth */ = {
			isa = XCSwiftPackageProductDependency;
			package = E53E0B8D2B35747D001E2529 /* XCRemoteSwiftPackageReference "firebase-ios-sdk" */;
			productName = FirebaseAuth;
		};
		E53E0B9C2B35747D001E2529 /* FirebaseAuthCombine-Community */ = {
			isa = XCSwiftPackageProductDependency;
			package = E53E0B8D2B35747D001E2529 /* XCRemoteSwiftPackageReference "firebase-ios-sdk" */;
			productName = "FirebaseAuthCombine-Community";
		};
		E53E0B9E2B35747D001E2529 /* FirebaseCrashlytics */ = {
			isa = XCSwiftPackageProductDependency;
			package = E53E0B8D2B35747D001E2529 /* XCRemoteSwiftPackageReference "firebase-ios-sdk" */;
			productName = FirebaseCrashlytics;
		};
		E53E0BA02B35747D001E2529 /* FirebaseDatabase */ = {
			isa = XCSwiftPackageProductDependency;
			package = E53E0B8D2B35747D001E2529 /* XCRemoteSwiftPackageReference "firebase-ios-sdk" */;
			productName = FirebaseDatabase;
		};
		E53E0BA22B35747D001E2529 /* FirebaseDatabaseSwift */ = {
			isa = XCSwiftPackageProductDependency;
			package = E53E0B8D2B35747D001E2529 /* XCRemoteSwiftPackageReference "firebase-ios-sdk" */;
			productName = FirebaseDatabaseSwift;
		};
		E53E0BA42B35747D001E2529 /* FirebaseDynamicLinks */ = {
			isa = XCSwiftPackageProductDependency;
			package = E53E0B8D2B35747D001E2529 /* XCRemoteSwiftPackageReference "firebase-ios-sdk" */;
			productName = FirebaseDynamicLinks;
		};
		E53E0BA62B35747D001E2529 /* FirebaseFirestore */ = {
			isa = XCSwiftPackageProductDependency;
			package = E53E0B8D2B35747D001E2529 /* XCRemoteSwiftPackageReference "firebase-ios-sdk" */;
			productName = FirebaseFirestore;
		};
		E53E0BA82B35747D001E2529 /* FirebaseFirestoreCombine-Community */ = {
			isa = XCSwiftPackageProductDependency;
			package = E53E0B8D2B35747D001E2529 /* XCRemoteSwiftPackageReference "firebase-ios-sdk" */;
			productName = "FirebaseFirestoreCombine-Community";
		};
		E53E0BAA2B35747D001E2529 /* FirebaseFirestoreSwift */ = {
			isa = XCSwiftPackageProductDependency;
			package = E53E0B8D2B35747D001E2529 /* XCRemoteSwiftPackageReference "firebase-ios-sdk" */;
			productName = FirebaseFirestoreSwift;
		};
		E53E0BAC2B35747D001E2529 /* FirebaseFunctions */ = {
			isa = XCSwiftPackageProductDependency;
			package = E53E0B8D2B35747D001E2529 /* XCRemoteSwiftPackageReference "firebase-ios-sdk" */;
			productName = FirebaseFunctions;
		};
		E53E0BAE2B35747D001E2529 /* FirebaseFunctionsCombine-Community */ = {
			isa = XCSwiftPackageProductDependency;
			package = E53E0B8D2B35747D001E2529 /* XCRemoteSwiftPackageReference "firebase-ios-sdk" */;
			productName = "FirebaseFunctionsCombine-Community";
		};
		E53E0BB02B35747D001E2529 /* FirebaseInAppMessaging-Beta */ = {
			isa = XCSwiftPackageProductDependency;
			package = E53E0B8D2B35747D001E2529 /* XCRemoteSwiftPackageReference "firebase-ios-sdk" */;
			productName = "FirebaseInAppMessaging-Beta";
		};
		E53E0BB22B35747D001E2529 /* FirebaseInAppMessagingSwift-Beta */ = {
			isa = XCSwiftPackageProductDependency;
			package = E53E0B8D2B35747D001E2529 /* XCRemoteSwiftPackageReference "firebase-ios-sdk" */;
			productName = "FirebaseInAppMessagingSwift-Beta";
		};
		E53E0BB42B35747D001E2529 /* FirebaseInstallations */ = {
			isa = XCSwiftPackageProductDependency;
			package = E53E0B8D2B35747D001E2529 /* XCRemoteSwiftPackageReference "firebase-ios-sdk" */;
			productName = FirebaseInstallations;
		};
		E53E0BB62B35747D001E2529 /* FirebaseMLModelDownloader */ = {
			isa = XCSwiftPackageProductDependency;
			package = E53E0B8D2B35747D001E2529 /* XCRemoteSwiftPackageReference "firebase-ios-sdk" */;
			productName = FirebaseMLModelDownloader;
		};
		E53E0BB82B35747D001E2529 /* FirebaseMessaging */ = {
			isa = XCSwiftPackageProductDependency;
			package = E53E0B8D2B35747D001E2529 /* XCRemoteSwiftPackageReference "firebase-ios-sdk" */;
			productName = FirebaseMessaging;
		};
		E53E0BBA2B35747D001E2529 /* FirebasePerformance */ = {
			isa = XCSwiftPackageProductDependency;
			package = E53E0B8D2B35747D001E2529 /* XCRemoteSwiftPackageReference "firebase-ios-sdk" */;
			productName = FirebasePerformance;
		};
		E53E0BBC2B35747D001E2529 /* FirebaseRemoteConfig */ = {
			isa = XCSwiftPackageProductDependency;
			package = E53E0B8D2B35747D001E2529 /* XCRemoteSwiftPackageReference "firebase-ios-sdk" */;
			productName = FirebaseRemoteConfig;
		};
		E53E0BBE2B35747D001E2529 /* FirebaseRemoteConfigSwift */ = {
			isa = XCSwiftPackageProductDependency;
			package = E53E0B8D2B35747D001E2529 /* XCRemoteSwiftPackageReference "firebase-ios-sdk" */;
			productName = FirebaseRemoteConfigSwift;
		};
		E53E0BC02B35747D001E2529 /* FirebaseStorage */ = {
			isa = XCSwiftPackageProductDependency;
			package = E53E0B8D2B35747D001E2529 /* XCRemoteSwiftPackageReference "firebase-ios-sdk" */;
			productName = FirebaseStorage;
		};
		E53E0BC22B35747D001E2529 /* FirebaseStorageCombine-Community */ = {
			isa = XCSwiftPackageProductDependency;
			package = E53E0B8D2B35747D001E2529 /* XCRemoteSwiftPackageReference "firebase-ios-sdk" */;
			productName = "FirebaseStorageCombine-Community";
		};
		E5D51FE12B34110F004FBB84 /* GoogleMobileAds */ = {
			isa = XCSwiftPackageProductDependency;
			package = E5D51FE02B34110F004FBB84 /* XCRemoteSwiftPackageReference "swift-package-manager-google-mobile-ads.git" */;
			productName = GoogleMobileAds;
		};
/* End XCSwiftPackageProductDependency section */
	};
	rootObject = E5C0E3422B331DBC0060CF4F /* Project object */;
}
